
Microsoft Visual Studio Solution File, Format Version 12.00
# Visual Studio Version 17
VisualStudioVersion = 17.14.36414.22 d17.14
MinimumVisualStudioVersion = 10.0.40219.1
Project("{FAE04EC0-301F-11D3-BF4B-00C04F79EFBC}") = "app_project", "app_project\app_project.csproj", "{81AC564B-B03C-4778-951C-7BF5195FDC96}"
EndProject
Global
	GlobalSection(SolutionConfigurationPlatforms) = preSolution
		Debug|Any CPU = Debug|Any CPU
		Release|Any CPU = Release|Any CPU
	EndGlobalSection
	GlobalSection(ProjectConfigurationPlatforms) = postSolution
		{81AC564B-B03C-4778-951C-7BF5195FDC96}.Debug|Any CPU.ActiveCfg = Debug|Any CPU
		{81AC564B-B03C-4778-951C-7BF5195FDC96}.Debug|Any CPU.Build.0 = Debug|Any CPU
		{81AC564B-B03C-4778-951C-7BF5195FDC96}.Release|Any CPU.ActiveCfg = Release|Any CPU
		{81AC564B-B03C-4778-951C-7BF5195FDC96}.Release|Any CPU.Build.0 = Release|Any CPU
	EndGlobalSection
	GlobalSection(SolutionProperties) = preSolution
		HideSolutionNode = FALSE
	EndGlobalSection
	GlobalSection(ExtensibilityGlobals) = postSolution
		SolutionGuid = {9E657B8F-2B36-45A4-AC9B-86E19007F022}
	EndGlobalSection
EndGlobal
